
Microsoft Visual Studio Solution File, Format Version 12.00
# Visual Studio 14
VisualStudioVersion = 14.0.25420.1
MinimumVisualStudioVersion = 10.0.40219.1
Project("{FAE04EC0-301F-11D3-BF4B-00C04F79EFBC}") = "Soduko", "Soduko\Soduko.csproj", "{5FC8E803-FAE8-4343-8196-6CA114FD2016}"
EndProject
Project("{FAE04EC0-301F-11D3-BF4B-00C04F79EFBC}") = "SodukoTests", "SodukoTests\SodukoTests.csproj", "{79CFF51C-ACD6-4E06-A335-E4CD10401B55}"
EndProject
Global
	GlobalSection(SolutionConfigurationPlatforms) = preSolution
		Debug|Any CPU = Debug|Any CPU
		Release|Any CPU = Release|Any CPU
	EndGlobalSection
	GlobalSection(ProjectConfigurationPlatforms) = postSolution
		{5FC8E803-FAE8-4343-8196-6CA114FD2016}.Debug|Any CPU.ActiveCfg = Debug|Any CPU
		{5FC8E803-FAE8-4343-8196-6CA114FD2016}.Debug|Any CPU.Build.0 = Debug|Any CPU
		{5FC8E803-FAE8-4343-8196-6CA114FD2016}.Release|Any CPU.ActiveCfg = Release|Any CPU
		{5FC8E803-FAE8-4343-8196-6CA114FD2016}.Release|Any CPU.Build.0 = Release|Any CPU
		{79CFF51C-ACD6-4E06-A335-E4CD10401B55}.Debug|Any CPU.ActiveCfg = Debug|Any CPU
		{79CFF51C-ACD6-4E06-A335-E4CD10401B55}.Debug|Any CPU.Build.0 = Debug|Any CPU
		{79CFF51C-ACD6-4E06-A335-E4CD10401B55}.Release|Any CPU.ActiveCfg = Release|Any CPU
		{79CFF51C-ACD6-4E06-A335-E4CD10401B55}.Release|Any CPU.Build.0 = Release|Any CPU
	EndGlobalSection
	GlobalSection(SolutionProperties) = preSolution
		HideSolutionNode = FALSE
	EndGlobalSection
EndGlobal
